
Microsoft Visual Studio Solution File, Format Version 12.00
# Visual Studio Version 16
VisualStudioVersion = 16.0.31112.23
MinimumVisualStudioVersion = 10.0.40219.1
Project("{FAE04EC0-301F-11D3-BF4B-00C04F79EFBC}") = "NDraw", "NDraw.csproj", "{496BFEF2-0255-4A8F-B588-2F0FF45E0E10}"
EndProject
Global
	GlobalSection(SolutionConfigurationPlatforms) = preSolution
		Debug|Any CPU = Debug|Any CPU
		Release|Any CPU = Release|Any CPU
	EndGlobalSection
	GlobalSection(ProjectConfigurationPlatforms) = postSolution
		{496BFEF2-0255-4A8F-B588-2F0FF45E0E10}.Debug|Any CPU.ActiveCfg = Debug|Any CPU
		{496BFEF2-0255-4A8F-B588-2F0FF45E0E10}.Debug|Any CPU.Build.0 = Debug|Any CPU
		{496BFEF2-0255-4A8F-B588-2F0FF45E0E10}.Release|Any CPU.ActiveCfg = Release|Any CPU
		{496BFEF2-0255-4A8F-B588-2F0FF45E0E10}.Release|Any CPU.Build.0 = Release|Any CPU
	EndGlobalSection
	GlobalSection(SolutionProperties) = preSolution
		HideSolutionNode = FALSE
	EndGlobalSection
	GlobalSection(ExtensibilityGlobals) = postSolution
		SolutionGuid = {7DC742A4-D9A6-45F6-B584-038D43B673A6}
	EndGlobalSection
EndGlobal
